
Microsoft Visual Studio Solution File, Format Version 11.00
# Visual Studio 2010
Project("{FAE04EC0-301F-11D3-BF4B-00C04F79EFBC}") = "RssFeed", "src\web\RssFeed.csproj", "{27DA8896-030F-4BB6-BCC2-F752ED6DBF5B}"
EndProject
Global
	GlobalSection(SolutionConfigurationPlatforms) = preSolution
		Debug|Any CPU = Debug|Any CPU
		Release|Any CPU = Release|Any CPU
	EndGlobalSection
	GlobalSection(ProjectConfigurationPlatforms) = postSolution
		{27DA8896-030F-4BB6-BCC2-F752ED6DBF5B}.Debug|Any CPU.ActiveCfg = Debug|Any CPU
		{27DA8896-030F-4BB6-BCC2-F752ED6DBF5B}.Debug|Any CPU.Build.0 = Debug|Any CPU
		{27DA8896-030F-4BB6-BCC2-F752ED6DBF5B}.Release|Any CPU.ActiveCfg = Release|Any CPU
		{27DA8896-030F-4BB6-BCC2-F752ED6DBF5B}.Release|Any CPU.Build.0 = Release|Any CPU
	EndGlobalSection
	GlobalSection(SolutionProperties) = preSolution
		HideSolutionNode = FALSE
	EndGlobalSection
EndGlobal
